{
  "name": "ExercicioTC2_02",
  "lockfileVersion": 3,
  "requires": true,
  "packages": {
    "": {
      "dependencies": {
        "telefone": "^1.2.4",
        "typescript": "^5.4.5"
      }
    },
    "node_modules/telefone": {
      "version": "1.2.4",
      "resolved": "https://registry.npmjs.org/telefone/-/telefone-1.2.4.tgz",
      "integrity": "sha512-RdZwNApyJIl8X1KVGesieZFsa7bS4TYqL7jn8CjWJ9I9hDg7V/MDlWto9pBYzqEvodS9nb4l1YgjKPbK6YI+CQ=="
    },
    "node_modules/typescript": {
      "version": "5.4.5",
      "resolved": "https://registry.npmjs.org/typescript/-/typescript-5.4.5.tgz",
      "integrity": "sha512-vcI4UpRgg81oIRUFwR0WSIHKt11nJ7SAVlYNIu+QpqeyXP+gpQJy/Z4+F0aGxSE4MqwjyXvW/TzgkLAx2AGHwQ==",
      "bin": {
        "tsc": "bin/tsc",
        "tsserver": "bin/tsserver"
      },
      "engines": {
        "node": ">=14.17"
      }
    }
  }
}
