{
  "name": "ExercicioTC2_02",
  "lockfileVersion": 3,
  "requires": true,
  "packages": {
    "": {
      "dependencies": {
        "telefone": "^1.2.4"
      }
    },
    "node_modules/telefone": {
      "version": "1.2.4",
      "resolved": "https://registry.npmjs.org/telefone/-/telefone-1.2.4.tgz",
      "integrity": "sha512-RdZwNApyJIl8X1KVGesieZFsa7bS4TYqL7jn8CjWJ9I9hDg7V/MDlWto9pBYzqEvodS9nb4l1YgjKPbK6YI+CQ=="
    }
  }
}
